
Microsoft Visual Studio Solution File, Format Version 12.00
# Visual Studio Version 16
VisualStudioVersion = 16.0.29613.14
MinimumVisualStudioVersion = 10.0.40219.1
Project("{FAE04EC0-301F-11D3-BF4B-00C04F79EFBC}") = "CodeFirstProject", "CodeFirstProject\CodeFirstProject.csproj", "{A94FFB63-57B8-4066-87A8-8717A8F7924B}"
EndProject
Global
	GlobalSection(SolutionConfigurationPlatforms) = preSolution
		Debug|Any CPU = Debug|Any CPU
		Release|Any CPU = Release|Any CPU
	EndGlobalSection
	GlobalSection(ProjectConfigurationPlatforms) = postSolution
		{A94FFB63-57B8-4066-87A8-8717A8F7924B}.Debug|Any CPU.ActiveCfg = Debug|Any CPU
		{A94FFB63-57B8-4066-87A8-8717A8F7924B}.Debug|Any CPU.Build.0 = Debug|Any CPU
		{A94FFB63-57B8-4066-87A8-8717A8F7924B}.Release|Any CPU.ActiveCfg = Release|Any CPU
		{A94FFB63-57B8-4066-87A8-8717A8F7924B}.Release|Any CPU.Build.0 = Release|Any CPU
	EndGlobalSection
	GlobalSection(SolutionProperties) = preSolution
		HideSolutionNode = FALSE
	EndGlobalSection
	GlobalSection(ExtensibilityGlobals) = postSolution
		SolutionGuid = {3308E122-D7A2-47AB-A8A6-D028E5647376}
	EndGlobalSection
EndGlobal
